
Microsoft Visual Studio Solution File, Format Version 12.00
# Visual Studio Version 16
VisualStudioVersion = 16.0.30002.166
MinimumVisualStudioVersion = 10.0.40219.1
Project("{FAE04EC0-301F-11D3-BF4B-00C04F79EFBC}") = "MyPretyyApp", "MyPretyyApp\MyPretyyApp.csproj", "{9BC651AA-8FE5-44C1-9F63-9F723E49E568}"
EndProject
Project("{FAE04EC0-301F-11D3-BF4B-00C04F79EFBC}") = "ExternalSystemApi", "ExternalSystemApi\ExternalSystemApi.csproj", "{F1E7D379-931D-4209-985C-54E8B10C8BA4}"
EndProject
Global
	GlobalSection(SolutionConfigurationPlatforms) = preSolution
		Debug|Any CPU = Debug|Any CPU
		Release|Any CPU = Release|Any CPU
	EndGlobalSection
	GlobalSection(ProjectConfigurationPlatforms) = postSolution
		{9BC651AA-8FE5-44C1-9F63-9F723E49E568}.Debug|Any CPU.ActiveCfg = Debug|Any CPU
		{9BC651AA-8FE5-44C1-9F63-9F723E49E568}.Debug|Any CPU.Build.0 = Debug|Any CPU
		{9BC651AA-8FE5-44C1-9F63-9F723E49E568}.Release|Any CPU.ActiveCfg = Release|Any CPU
		{9BC651AA-8FE5-44C1-9F63-9F723E49E568}.Release|Any CPU.Build.0 = Release|Any CPU
		{F1E7D379-931D-4209-985C-54E8B10C8BA4}.Debug|Any CPU.ActiveCfg = Debug|Any CPU
		{F1E7D379-931D-4209-985C-54E8B10C8BA4}.Debug|Any CPU.Build.0 = Debug|Any CPU
		{F1E7D379-931D-4209-985C-54E8B10C8BA4}.Release|Any CPU.ActiveCfg = Release|Any CPU
		{F1E7D379-931D-4209-985C-54E8B10C8BA4}.Release|Any CPU.Build.0 = Release|Any CPU
	EndGlobalSection
	GlobalSection(SolutionProperties) = preSolution
		HideSolutionNode = FALSE
	EndGlobalSection
	GlobalSection(ExtensibilityGlobals) = postSolution
		SolutionGuid = {383B855C-6162-4465-94ED-7FEDDD66EE7C}
	EndGlobalSection
EndGlobal
